// !$*UTF8*$!
{
	archiveVersion = 1;
	classes = {
	};
	objectVersion = 48;
	objects = {

/* Begin PBXBuildFile section */
		85FC3F980026C085CCCDCDF8 /* Pods_MoviesUITests.framework in Frameworks */ = {isa = PBXBuildFile; fileRef = C75045535F5C1FC056AD2AD1 /* Pods_MoviesUITests.framework */; };
		B33CEC932322CC5A005D49D7 /* MovieListView+SearchBarDelegate.swift in Sources */ = {isa = PBXBuildFile; fileRef = B33CEC922322CC5A005D49D7 /* MovieListView+SearchBarDelegate.swift */; };
		B33CEC972322D36B005D49D7 /* MoviesListViewController+SkeletonView.swift in Sources */ = {isa = PBXBuildFile; fileRef = B33CEC962322D36B005D49D7 /* MoviesListViewController+SkeletonView.swift */; };
		B33CEC992322F4A7005D49D7 /* GenericErrorView.swift in Sources */ = {isa = PBXBuildFile; fileRef = B33CEC982322F4A7005D49D7 /* GenericErrorView.swift */; };
		B33CEC9C23231D81005D49D7 /* Constants.swift in Sources */ = {isa = PBXBuildFile; fileRef = B33CEC9B23231D81005D49D7 /* Constants.swift */; };
		B3AD61B4232204A500F6149D /* MovieDescriptionViewController.swift in Sources */ = {isa = PBXBuildFile; fileRef = B3AD61B3232204A500F6149D /* MovieDescriptionViewController.swift */; };
		B3D8CB9E2321D46A00F9199C /* MoviesListViewController+UICollectionViewDataSource.swift in Sources */ = {isa = PBXBuildFile; fileRef = B3D8CB9D2321D46A00F9199C /* MoviesListViewController+UICollectionViewDataSource.swift */; };
		B3D8CBA02321D54B00F9199C /* MoviesListViewController+UICollectionViewDelegate.swift in Sources */ = {isa = PBXBuildFile; fileRef = B3D8CB9F2321D54B00F9199C /* MoviesListViewController+UICollectionViewDelegate.swift */; };
		B3D8CBA32321D68700F9199C /* MovieRequest.swift in Sources */ = {isa = PBXBuildFile; fileRef = B3D8CBA22321D68700F9199C /* MovieRequest.swift */; };
		B3F56103232063D50021244F /* MovieListViewController.swift in Sources */ = {isa = PBXBuildFile; fileRef = B3F56102232063D50021244F /* MovieListViewController.swift */; };
		B3F56106232064E50021244F /* Movie.swift in Sources */ = {isa = PBXBuildFile; fileRef = B3F56105232064E50021244F /* Movie.swift */; };
		B3F561092320654E0021244F /* MoviesCollectionViewCell.swift in Sources */ = {isa = PBXBuildFile; fileRef = B3F561082320654E0021244F /* MoviesCollectionViewCell.swift */; };
		BF85C5E73B97C97D60A1099F /* Pods_MoviesTests.framework in Frameworks */ = {isa = PBXBuildFile; fileRef = 31D0E8D5A60C69A61C871C53 /* Pods_MoviesTests.framework */; };
		E1BDC859201FC1F7007294EE /* AppDelegate.swift in Sources */ = {isa = PBXBuildFile; fileRef = E1BDC858201FC1F7007294EE /* AppDelegate.swift */; };
		E1BDC85B201FC1F7007294EE /* ViewController.swift in Sources */ = {isa = PBXBuildFile; fileRef = E1BDC85A201FC1F7007294EE /* ViewController.swift */; };
		E1BDC85E201FC1F7007294EE /* Main.storyboard in Resources */ = {isa = PBXBuildFile; fileRef = E1BDC85C201FC1F7007294EE /* Main.storyboard */; };
		E1BDC860201FC1F7007294EE /* Assets.xcassets in Resources */ = {isa = PBXBuildFile; fileRef = E1BDC85F201FC1F7007294EE /* Assets.xcassets */; };
		E1BDC863201FC1F7007294EE /* LaunchScreen.storyboard in Resources */ = {isa = PBXBuildFile; fileRef = E1BDC861201FC1F7007294EE /* LaunchScreen.storyboard */; };
		E1BDC86E201FC1F7007294EE /* MoviesTests.swift in Sources */ = {isa = PBXBuildFile; fileRef = E1BDC86D201FC1F7007294EE /* MoviesTests.swift */; };
		E1BDC879201FC1F7007294EE /* MoviesUITests.swift in Sources */ = {isa = PBXBuildFile; fileRef = E1BDC878201FC1F7007294EE /* MoviesUITests.swift */; };
		F6F7B69AD399463F43FE4B16 /* Pods_Movies.framework in Frameworks */ = {isa = PBXBuildFile; fileRef = 6A2E960C7BA03D49BA481581 /* Pods_Movies.framework */; };
/* End PBXBuildFile section */

/* Begin PBXContainerItemProxy section */
		E1BDC86A201FC1F7007294EE /* PBXContainerItemProxy */ = {
			isa = PBXContainerItemProxy;
			containerPortal = E1BDC84D201FC1F7007294EE /* Project object */;
			proxyType = 1;
			remoteGlobalIDString = E1BDC854201FC1F7007294EE;
			remoteInfo = Movies;
		};
		E1BDC875201FC1F7007294EE /* PBXContainerItemProxy */ = {
			isa = PBXContainerItemProxy;
			containerPortal = E1BDC84D201FC1F7007294EE /* Project object */;
			proxyType = 1;
			remoteGlobalIDString = E1BDC854201FC1F7007294EE;
			remoteInfo = Movies;
		};
/* End PBXContainerItemProxy section */

/* Begin PBXFileReference section */
		1B8D0F19F73309AB1CE07924 /* Pods-MoviesUITests.release.xcconfig */ = {isa = PBXFileReference; includeInIndex = 1; lastKnownFileType = text.xcconfig; name = "Pods-MoviesUITests.release.xcconfig"; path = "Pods/Target Support Files/Pods-MoviesUITests/Pods-MoviesUITests.release.xcconfig"; sourceTree = "<group>"; };
		24EBE92D91446FA47A513BD9 /* Pods-MoviesUITests.debug.xcconfig */ = {isa = PBXFileReference; includeInIndex = 1; lastKnownFileType = text.xcconfig; name = "Pods-MoviesUITests.debug.xcconfig"; path = "Pods/Target Support Files/Pods-MoviesUITests/Pods-MoviesUITests.debug.xcconfig"; sourceTree = "<group>"; };
		31D0E8D5A60C69A61C871C53 /* Pods_MoviesTests.framework */ = {isa = PBXFileReference; explicitFileType = wrapper.framework; includeInIndex = 0; path = Pods_MoviesTests.framework; sourceTree = BUILT_PRODUCTS_DIR; };
		6A2E960C7BA03D49BA481581 /* Pods_Movies.framework */ = {isa = PBXFileReference; explicitFileType = wrapper.framework; includeInIndex = 0; path = Pods_Movies.framework; sourceTree = BUILT_PRODUCTS_DIR; };
		72E333F4014B217037C6F8CE /* Pods-MoviesTests.release.xcconfig */ = {isa = PBXFileReference; includeInIndex = 1; lastKnownFileType = text.xcconfig; name = "Pods-MoviesTests.release.xcconfig"; path = "Pods/Target Support Files/Pods-MoviesTests/Pods-MoviesTests.release.xcconfig"; sourceTree = "<group>"; };
		9B42E455C43AE66F87F950FA /* Pods-Movies.debug.xcconfig */ = {isa = PBXFileReference; includeInIndex = 1; lastKnownFileType = text.xcconfig; name = "Pods-Movies.debug.xcconfig"; path = "Pods/Target Support Files/Pods-Movies/Pods-Movies.debug.xcconfig"; sourceTree = "<group>"; };
		B00FFD01A3A5F3A3ABC6D295 /* Pods-Movies.release.xcconfig */ = {isa = PBXFileReference; includeInIndex = 1; lastKnownFileType = text.xcconfig; name = "Pods-Movies.release.xcconfig"; path = "Pods/Target Support Files/Pods-Movies/Pods-Movies.release.xcconfig"; sourceTree = "<group>"; };
		B33CEC922322CC5A005D49D7 /* MovieListView+SearchBarDelegate.swift */ = {isa = PBXFileReference; lastKnownFileType = sourcecode.swift; path = "MovieListView+SearchBarDelegate.swift"; sourceTree = "<group>"; };
		B33CEC962322D36B005D49D7 /* MoviesListViewController+SkeletonView.swift */ = {isa = PBXFileReference; lastKnownFileType = sourcecode.swift; path = "MoviesListViewController+SkeletonView.swift"; sourceTree = "<group>"; };
		B33CEC982322F4A7005D49D7 /* GenericErrorView.swift */ = {isa = PBXFileReference; lastKnownFileType = sourcecode.swift; path = GenericErrorView.swift; sourceTree = "<group>"; };
		B33CEC9B23231D81005D49D7 /* Constants.swift */ = {isa = PBXFileReference; lastKnownFileType = sourcecode.swift; path = Constants.swift; sourceTree = "<group>"; };
		B3AD61B3232204A500F6149D /* MovieDescriptionViewController.swift */ = {isa = PBXFileReference; lastKnownFileType = sourcecode.swift; path = MovieDescriptionViewController.swift; sourceTree = "<group>"; };
		B3D8CB9D2321D46A00F9199C /* MoviesListViewController+UICollectionViewDataSource.swift */ = {isa = PBXFileReference; lastKnownFileType = sourcecode.swift; path = "MoviesListViewController+UICollectionViewDataSource.swift"; sourceTree = "<group>"; };
		B3D8CB9F2321D54B00F9199C /* MoviesListViewController+UICollectionViewDelegate.swift */ = {isa = PBXFileReference; lastKnownFileType = sourcecode.swift; path = "MoviesListViewController+UICollectionViewDelegate.swift"; sourceTree = "<group>"; };
		B3D8CBA22321D68700F9199C /* MovieRequest.swift */ = {isa = PBXFileReference; lastKnownFileType = sourcecode.swift; path = MovieRequest.swift; sourceTree = "<group>"; };
		B3F56102232063D50021244F /* MovieListViewController.swift */ = {isa = PBXFileReference; lastKnownFileType = sourcecode.swift; path = MovieListViewController.swift; sourceTree = "<group>"; };
		B3F56105232064E50021244F /* Movie.swift */ = {isa = PBXFileReference; lastKnownFileType = sourcecode.swift; path = Movie.swift; sourceTree = "<group>"; };
		B3F561082320654E0021244F /* MoviesCollectionViewCell.swift */ = {isa = PBXFileReference; lastKnownFileType = sourcecode.swift; path = MoviesCollectionViewCell.swift; sourceTree = "<group>"; };
		C75045535F5C1FC056AD2AD1 /* Pods_MoviesUITests.framework */ = {isa = PBXFileReference; explicitFileType = wrapper.framework; includeInIndex = 0; path = Pods_MoviesUITests.framework; sourceTree = BUILT_PRODUCTS_DIR; };
		DAE554F124B0C220E82A2BFA /* Pods-MoviesTests.debug.xcconfig */ = {isa = PBXFileReference; includeInIndex = 1; lastKnownFileType = text.xcconfig; name = "Pods-MoviesTests.debug.xcconfig"; path = "Pods/Target Support Files/Pods-MoviesTests/Pods-MoviesTests.debug.xcconfig"; sourceTree = "<group>"; };
		E1BDC855201FC1F7007294EE /* Movies.app */ = {isa = PBXFileReference; explicitFileType = wrapper.application; includeInIndex = 0; path = Movies.app; sourceTree = BUILT_PRODUCTS_DIR; };
		E1BDC858201FC1F7007294EE /* AppDelegate.swift */ = {isa = PBXFileReference; lastKnownFileType = sourcecode.swift; path = AppDelegate.swift; sourceTree = "<group>"; };
		E1BDC85A201FC1F7007294EE /* ViewController.swift */ = {isa = PBXFileReference; lastKnownFileType = sourcecode.swift; path = ViewController.swift; sourceTree = "<group>"; };
		E1BDC85D201FC1F7007294EE /* Base */ = {isa = PBXFileReference; lastKnownFileType = file.storyboard; name = Base; path = Base.lproj/Main.storyboard; sourceTree = "<group>"; };
		E1BDC85F201FC1F7007294EE /* Assets.xcassets */ = {isa = PBXFileReference; lastKnownFileType = folder.assetcatalog; path = Assets.xcassets; sourceTree = "<group>"; };
		E1BDC862201FC1F7007294EE /* Base */ = {isa = PBXFileReference; lastKnownFileType = file.storyboard; name = Base; path = Base.lproj/LaunchScreen.storyboard; sourceTree = "<group>"; };
		E1BDC864201FC1F7007294EE /* Info.plist */ = {isa = PBXFileReference; lastKnownFileType = text.plist.xml; path = Info.plist; sourceTree = "<group>"; };
		E1BDC869201FC1F7007294EE /* MoviesTests.xctest */ = {isa = PBXFileReference; explicitFileType = wrapper.cfbundle; includeInIndex = 0; path = MoviesTests.xctest; sourceTree = BUILT_PRODUCTS_DIR; };
		E1BDC86D201FC1F7007294EE /* MoviesTests.swift */ = {isa = PBXFileReference; lastKnownFileType = sourcecode.swift; path = MoviesTests.swift; sourceTree = "<group>"; };
		E1BDC86F201FC1F7007294EE /* Info.plist */ = {isa = PBXFileReference; lastKnownFileType = text.plist.xml; path = Info.plist; sourceTree = "<group>"; };
		E1BDC874201FC1F7007294EE /* MoviesUITests.xctest */ = {isa = PBXFileReference; explicitFileType = wrapper.cfbundle; includeInIndex = 0; path = MoviesUITests.xctest; sourceTree = BUILT_PRODUCTS_DIR; };
		E1BDC878201FC1F7007294EE /* MoviesUITests.swift */ = {isa = PBXFileReference; lastKnownFileType = sourcecode.swift; path = MoviesUITests.swift; sourceTree = "<group>"; };
		E1BDC87A201FC1F7007294EE /* Info.plist */ = {isa = PBXFileReference; lastKnownFileType = text.plist.xml; path = Info.plist; sourceTree = "<group>"; };
/* End PBXFileReference section */

/* Begin PBXFrameworksBuildPhase section */
		E1BDC852201FC1F7007294EE /* Frameworks */ = {
			isa = PBXFrameworksBuildPhase;
			buildActionMask = 2147483647;
			files = (
				F6F7B69AD399463F43FE4B16 /* Pods_Movies.framework in Frameworks */,
			);
			runOnlyForDeploymentPostprocessing = 0;
		};
		E1BDC866201FC1F7007294EE /* Frameworks */ = {
			isa = PBXFrameworksBuildPhase;
			buildActionMask = 2147483647;
			files = (
				BF85C5E73B97C97D60A1099F /* Pods_MoviesTests.framework in Frameworks */,
			);
			runOnlyForDeploymentPostprocessing = 0;
		};
		E1BDC871201FC1F7007294EE /* Frameworks */ = {
			isa = PBXFrameworksBuildPhase;
			buildActionMask = 2147483647;
			files = (
				85FC3F980026C085CCCDCDF8 /* Pods_MoviesUITests.framework in Frameworks */,
			);
			runOnlyForDeploymentPostprocessing = 0;
		};
/* End PBXFrameworksBuildPhase section */

/* Begin PBXGroup section */
		3187023C8DC31381E68AB36B /* Frameworks */ = {
			isa = PBXGroup;
			children = (
				6A2E960C7BA03D49BA481581 /* Pods_Movies.framework */,
				31D0E8D5A60C69A61C871C53 /* Pods_MoviesTests.framework */,
				C75045535F5C1FC056AD2AD1 /* Pods_MoviesUITests.framework */,
			);
			name = Frameworks;
			sourceTree = "<group>";
		};
		5735BC3238947C5F864DE59B /* Pods */ = {
			isa = PBXGroup;
			children = (
				9B42E455C43AE66F87F950FA /* Pods-Movies.debug.xcconfig */,
				B00FFD01A3A5F3A3ABC6D295 /* Pods-Movies.release.xcconfig */,
				DAE554F124B0C220E82A2BFA /* Pods-MoviesTests.debug.xcconfig */,
				72E333F4014B217037C6F8CE /* Pods-MoviesTests.release.xcconfig */,
				24EBE92D91446FA47A513BD9 /* Pods-MoviesUITests.debug.xcconfig */,
				1B8D0F19F73309AB1CE07924 /* Pods-MoviesUITests.release.xcconfig */,
			);
			name = Pods;
			sourceTree = "<group>";
		};
		B33CEC9A23231D65005D49D7 /* General */ = {
			isa = PBXGroup;
			children = (
				B33CEC9B23231D81005D49D7 /* Constants.swift */,
			);
			path = General;
			sourceTree = "<group>";
		};
		B3AD61B2232202BB00F6149D /* MovieDescription */ = {
			isa = PBXGroup;
			children = (
				B3AD61B3232204A500F6149D /* MovieDescriptionViewController.swift */,
			);
			path = MovieDescription;
			sourceTree = "<group>";
		};
		B3D8CBA12321D61C00F9199C /* Helpers */ = {
			isa = PBXGroup;
			children = (
				B3D8CBA22321D68700F9199C /* MovieRequest.swift */,
			);
			path = Helpers;
			sourceTree = "<group>";
		};
		B3F56101232063490021244F /* MoviesList */ = {
			isa = PBXGroup;
			children = (
				B3F561072320652E0021244F /* Views */,
				B3F56104232064090021244F /* Models */,
				B3F56102232063D50021244F /* MovieListViewController.swift */,
				B3D8CB9D2321D46A00F9199C /* MoviesListViewController+UICollectionViewDataSource.swift */,
				B3D8CB9F2321D54B00F9199C /* MoviesListViewController+UICollectionViewDelegate.swift */,
				B33CEC922322CC5A005D49D7 /* MovieListView+SearchBarDelegate.swift */,
				B33CEC962322D36B005D49D7 /* MoviesListViewController+SkeletonView.swift */,
			);
			path = MoviesList;
			sourceTree = "<group>";
		};
		B3F56104232064090021244F /* Models */ = {
			isa = PBXGroup;
			children = (
				B3F56105232064E50021244F /* Movie.swift */,
			);
			path = Models;
			sourceTree = "<group>";
		};
		B3F561072320652E0021244F /* Views */ = {
			isa = PBXGroup;
			children = (
				B3F561082320654E0021244F /* MoviesCollectionViewCell.swift */,
				B33CEC982322F4A7005D49D7 /* GenericErrorView.swift */,
			);
			path = Views;
			sourceTree = "<group>";
		};
		E1BDC84C201FC1F7007294EE = {
			isa = PBXGroup;
			children = (
				B33CEC9A23231D65005D49D7 /* General */,
				B3D8CBA12321D61C00F9199C /* Helpers */,
				B3F56101232063490021244F /* MoviesList */,
				B3AD61B2232202BB00F6149D /* MovieDescription */,
				E1BDC857201FC1F7007294EE /* Movies */,
				E1BDC86C201FC1F7007294EE /* MoviesTests */,
				E1BDC877201FC1F7007294EE /* MoviesUITests */,
				E1BDC856201FC1F7007294EE /* Products */,
				5735BC3238947C5F864DE59B /* Pods */,
				3187023C8DC31381E68AB36B /* Frameworks */,
			);
			sourceTree = "<group>";
		};
		E1BDC856201FC1F7007294EE /* Products */ = {
			isa = PBXGroup;
			children = (
				E1BDC855201FC1F7007294EE /* Movies.app */,
				E1BDC869201FC1F7007294EE /* MoviesTests.xctest */,
				E1BDC874201FC1F7007294EE /* MoviesUITests.xctest */,
			);
			name = Products;
			sourceTree = "<group>";
		};
		E1BDC857201FC1F7007294EE /* Movies */ = {
			isa = PBXGroup;
			children = (
				E1BDC858201FC1F7007294EE /* AppDelegate.swift */,
				E1BDC85A201FC1F7007294EE /* ViewController.swift */,
				E1BDC85C201FC1F7007294EE /* Main.storyboard */,
				E1BDC85F201FC1F7007294EE /* Assets.xcassets */,
				E1BDC861201FC1F7007294EE /* LaunchScreen.storyboard */,
				E1BDC864201FC1F7007294EE /* Info.plist */,
			);
			path = Movies;
			sourceTree = "<group>";
		};
		E1BDC86C201FC1F7007294EE /* MoviesTests */ = {
			isa = PBXGroup;
			children = (
				E1BDC86D201FC1F7007294EE /* MoviesTests.swift */,
				E1BDC86F201FC1F7007294EE /* Info.plist */,
			);
			path = MoviesTests;
			sourceTree = "<group>";
		};
		E1BDC877201FC1F7007294EE /* MoviesUITests */ = {
			isa = PBXGroup;
			children = (
				E1BDC878201FC1F7007294EE /* MoviesUITests.swift */,
				E1BDC87A201FC1F7007294EE /* Info.plist */,
			);
			path = MoviesUITests;
			sourceTree = "<group>";
		};
/* End PBXGroup section */

/* Begin PBXNativeTarget section */
		E1BDC854201FC1F7007294EE /* Movies */ = {
			isa = PBXNativeTarget;
			buildConfigurationList = E1BDC87D201FC1F7007294EE /* Build configuration list for PBXNativeTarget "Movies" */;
			buildPhases = (
				FB3D005934B4636DEC2E4AEC /* [CP] Check Pods Manifest.lock */,
				E1BDC851201FC1F7007294EE /* Sources */,
				E1BDC852201FC1F7007294EE /* Frameworks */,
				E1BDC853201FC1F7007294EE /* Resources */,
				E1BDC886201FC40C007294EE /* Run Script - SwiftLint */,
				BAF92FAFAF08178F4184EA83 /* [CP] Embed Pods Frameworks */,
			);
			buildRules = (
			);
			dependencies = (
			);
			name = Movies;
			productName = Movies;
			productReference = E1BDC855201FC1F7007294EE /* Movies.app */;
			productType = "com.apple.product-type.application";
		};
		E1BDC868201FC1F7007294EE /* MoviesTests */ = {
			isa = PBXNativeTarget;
			buildConfigurationList = E1BDC880201FC1F7007294EE /* Build configuration list for PBXNativeTarget "MoviesTests" */;
			buildPhases = (
				42F2F1F09A25CC605826FD0A /* [CP] Check Pods Manifest.lock */,
				E1BDC865201FC1F7007294EE /* Sources */,
				E1BDC866201FC1F7007294EE /* Frameworks */,
				E1BDC867201FC1F7007294EE /* Resources */,
			);
			buildRules = (
			);
			dependencies = (
				E1BDC86B201FC1F7007294EE /* PBXTargetDependency */,
			);
			name = MoviesTests;
			productName = MoviesTests;
			productReference = E1BDC869201FC1F7007294EE /* MoviesTests.xctest */;
			productType = "com.apple.product-type.bundle.unit-test";
		};
		E1BDC873201FC1F7007294EE /* MoviesUITests */ = {
			isa = PBXNativeTarget;
			buildConfigurationList = E1BDC883201FC1F7007294EE /* Build configuration list for PBXNativeTarget "MoviesUITests" */;
			buildPhases = (
				CE5B1EA865E8F61D6BE36AFA /* [CP] Check Pods Manifest.lock */,
				E1BDC870201FC1F7007294EE /* Sources */,
				E1BDC871201FC1F7007294EE /* Frameworks */,
				E1BDC872201FC1F7007294EE /* Resources */,
			);
			buildRules = (
			);
			dependencies = (
				E1BDC876201FC1F7007294EE /* PBXTargetDependency */,
			);
			name = MoviesUITests;
			productName = MoviesUITests;
			productReference = E1BDC874201FC1F7007294EE /* MoviesUITests.xctest */;
			productType = "com.apple.product-type.bundle.ui-testing";
		};
/* End PBXNativeTarget section */

/* Begin PBXProject section */
		E1BDC84D201FC1F7007294EE /* Project object */ = {
			isa = PBXProject;
			attributes = {
				LastSwiftUpdateCheck = 0920;
				LastUpgradeCheck = 0920;
				ORGANIZATIONNAME = Cubos;
				TargetAttributes = {
					E1BDC854201FC1F7007294EE = {
						CreatedOnToolsVersion = 9.2;
						ProvisioningStyle = Automatic;
					};
					E1BDC868201FC1F7007294EE = {
						CreatedOnToolsVersion = 9.2;
						ProvisioningStyle = Automatic;
						TestTargetID = E1BDC854201FC1F7007294EE;
					};
					E1BDC873201FC1F7007294EE = {
						CreatedOnToolsVersion = 9.2;
						ProvisioningStyle = Automatic;
						TestTargetID = E1BDC854201FC1F7007294EE;
					};
				};
			};
			buildConfigurationList = E1BDC850201FC1F7007294EE /* Build configuration list for PBXProject "Movies" */;
			compatibilityVersion = "Xcode 8.0";
			developmentRegion = en;
			hasScannedForEncodings = 0;
			knownRegions = (
				en,
				Base,
			);
			mainGroup = E1BDC84C201FC1F7007294EE;
			productRefGroup = E1BDC856201FC1F7007294EE /* Products */;
			projectDirPath = "";
			projectRoot = "";
			targets = (
				E1BDC854201FC1F7007294EE /* Movies */,
				E1BDC868201FC1F7007294EE /* MoviesTests */,
				E1BDC873201FC1F7007294EE /* MoviesUITests */,
			);
		};
/* End PBXProject section */

/* Begin PBXResourcesBuildPhase section */
		E1BDC853201FC1F7007294EE /* Resources */ = {
			isa = PBXResourcesBuildPhase;
			buildActionMask = 2147483647;
			files = (
				E1BDC863201FC1F7007294EE /* LaunchScreen.storyboard in Resources */,
				E1BDC860201FC1F7007294EE /* Assets.xcassets in Resources */,
				E1BDC85E201FC1F7007294EE /* Main.storyboard in Resources */,
			);
			runOnlyForDeploymentPostprocessing = 0;
		};
		E1BDC867201FC1F7007294EE /* Resources */ = {
			isa = PBXResourcesBuildPhase;
			buildActionMask = 2147483647;
			files = (
			);
			runOnlyForDeploymentPostprocessing = 0;
		};
		E1BDC872201FC1F7007294EE /* Resources */ = {
			isa = PBXResourcesBuildPhase;
			buildActionMask = 2147483647;
			files = (
			);
			runOnlyForDeploymentPostprocessing = 0;
		};
/* End PBXResourcesBuildPhase section */

/* Begin PBXShellScriptBuildPhase section */
		42F2F1F09A25CC605826FD0A /* [CP] Check Pods Manifest.lock */ = {
			isa = PBXShellScriptBuildPhase;
			buildActionMask = 2147483647;
			files = (
			);
			inputPaths = (
				"${PODS_PODFILE_DIR_PATH}/Podfile.lock",
				"${PODS_ROOT}/Manifest.lock",
			);
			name = "[CP] Check Pods Manifest.lock";
			outputPaths = (
				"$(DERIVED_FILE_DIR)/Pods-MoviesTests-checkManifestLockResult.txt",
			);
			runOnlyForDeploymentPostprocessing = 0;
			shellPath = /bin/sh;
			shellScript = "diff \"${PODS_PODFILE_DIR_PATH}/Podfile.lock\" \"${PODS_ROOT}/Manifest.lock\" > /dev/null\nif [ $? != 0 ] ; then\n    # print error to STDERR\n    echo \"error: The sandbox is not in sync with the Podfile.lock. Run 'pod install' or update your CocoaPods installation.\" >&2\n    exit 1\nfi\n# This output is used by Xcode 'outputs' to avoid re-running this script phase.\necho \"SUCCESS\" > \"${SCRIPT_OUTPUT_FILE_0}\"\n";
			showEnvVarsInLog = 0;
		};
		BAF92FAFAF08178F4184EA83 /* [CP] Embed Pods Frameworks */ = {
			isa = PBXShellScriptBuildPhase;
			buildActionMask = 2147483647;
			files = (
			);
			inputPaths = (
				"${PODS_ROOT}/Target Support Files/Pods-Movies/Pods-Movies-frameworks.sh",
				"${BUILT_PRODUCTS_DIR}/Alamofire/Alamofire.framework",
				"${BUILT_PRODUCTS_DIR}/AlamofireImage/AlamofireImage.framework",
				"${BUILT_PRODUCTS_DIR}/SkeletonView/SkeletonView.framework",
			);
			name = "[CP] Embed Pods Frameworks";
			outputPaths = (
				"${TARGET_BUILD_DIR}/${FRAMEWORKS_FOLDER_PATH}/Alamofire.framework",
				"${TARGET_BUILD_DIR}/${FRAMEWORKS_FOLDER_PATH}/AlamofireImage.framework",
				"${TARGET_BUILD_DIR}/${FRAMEWORKS_FOLDER_PATH}/SkeletonView.framework",
			);
			runOnlyForDeploymentPostprocessing = 0;
			shellPath = /bin/sh;
			shellScript = "\"${PODS_ROOT}/Target Support Files/Pods-Movies/Pods-Movies-frameworks.sh\"\n";
			showEnvVarsInLog = 0;
		};
		CE5B1EA865E8F61D6BE36AFA /* [CP] Check Pods Manifest.lock */ = {
			isa = PBXShellScriptBuildPhase;
			buildActionMask = 2147483647;
			files = (
			);
			inputPaths = (
				"${PODS_PODFILE_DIR_PATH}/Podfile.lock",
				"${PODS_ROOT}/Manifest.lock",
			);
			name = "[CP] Check Pods Manifest.lock";
			outputPaths = (
				"$(DERIVED_FILE_DIR)/Pods-MoviesUITests-checkManifestLockResult.txt",
			);
			runOnlyForDeploymentPostprocessing = 0;
			shellPath = /bin/sh;
			shellScript = "diff \"${PODS_PODFILE_DIR_PATH}/Podfile.lock\" \"${PODS_ROOT}/Manifest.lock\" > /dev/null\nif [ $? != 0 ] ; then\n    # print error to STDERR\n    echo \"error: The sandbox is not in sync with the Podfile.lock. Run 'pod install' or update your CocoaPods installation.\" >&2\n    exit 1\nfi\n# This output is used by Xcode 'outputs' to avoid re-running this script phase.\necho \"SUCCESS\" > \"${SCRIPT_OUTPUT_FILE_0}\"\n";
			showEnvVarsInLog = 0;
		};
		E1BDC886201FC40C007294EE /* Run Script - SwiftLint */ = {
			isa = PBXShellScriptBuildPhase;
			buildActionMask = 2147483647;
			files = (
			);
			inputPaths = (
			);
			name = "Run Script - SwiftLint";
			outputPaths = (
			);
			runOnlyForDeploymentPostprocessing = 0;
			shellPath = /bin/sh;
			shellScript = "\"${PODS_ROOT}/SwiftLint/swiftlint\"\n";
		};
		FB3D005934B4636DEC2E4AEC /* [CP] Check Pods Manifest.lock */ = {
			isa = PBXShellScriptBuildPhase;
			buildActionMask = 2147483647;
			files = (
			);
			inputPaths = (
				"${PODS_PODFILE_DIR_PATH}/Podfile.lock",
				"${PODS_ROOT}/Manifest.lock",
			);
			name = "[CP] Check Pods Manifest.lock";
			outputPaths = (
				"$(DERIVED_FILE_DIR)/Pods-Movies-checkManifestLockResult.txt",
			);
			runOnlyForDeploymentPostprocessing = 0;
			shellPath = /bin/sh;
			shellScript = "diff \"${PODS_PODFILE_DIR_PATH}/Podfile.lock\" \"${PODS_ROOT}/Manifest.lock\" > /dev/null\nif [ $? != 0 ] ; then\n    # print error to STDERR\n    echo \"error: The sandbox is not in sync with the Podfile.lock. Run 'pod install' or update your CocoaPods installation.\" >&2\n    exit 1\nfi\n# This output is used by Xcode 'outputs' to avoid re-running this script phase.\necho \"SUCCESS\" > \"${SCRIPT_OUTPUT_FILE_0}\"\n";
			showEnvVarsInLog = 0;
		};
/* End PBXShellScriptBuildPhase section */

/* Begin PBXSourcesBuildPhase section */
		E1BDC851201FC1F7007294EE /* Sources */ = {
			isa = PBXSourcesBuildPhase;
			buildActionMask = 2147483647;
			files = (
				B3D8CBA02321D54B00F9199C /* MoviesListViewController+UICollectionViewDelegate.swift in Sources */,
				B33CEC972322D36B005D49D7 /* MoviesListViewController+SkeletonView.swift in Sources */,
				B3F56103232063D50021244F /* MovieListViewController.swift in Sources */,
				B33CEC992322F4A7005D49D7 /* GenericErrorView.swift in Sources */,
				B3AD61B4232204A500F6149D /* MovieDescriptionViewController.swift in Sources */,
				B3D8CB9E2321D46A00F9199C /* MoviesListViewController+UICollectionViewDataSource.swift in Sources */,
				B33CEC932322CC5A005D49D7 /* MovieListView+SearchBarDelegate.swift in Sources */,
				B33CEC9C23231D81005D49D7 /* Constants.swift in Sources */,
				E1BDC85B201FC1F7007294EE /* ViewController.swift in Sources */,
				B3F56106232064E50021244F /* Movie.swift in Sources */,
				E1BDC859201FC1F7007294EE /* AppDelegate.swift in Sources */,
				B3D8CBA32321D68700F9199C /* MovieRequest.swift in Sources */,
				B3F561092320654E0021244F /* MoviesCollectionViewCell.swift in Sources */,
			);
			runOnlyForDeploymentPostprocessing = 0;
		};
		E1BDC865201FC1F7007294EE /* Sources */ = {
			isa = PBXSourcesBuildPhase;
			buildActionMask = 2147483647;
			files = (
				E1BDC86E201FC1F7007294EE /* MoviesTests.swift in Sources */,
			);
			runOnlyForDeploymentPostprocessing = 0;
		};
		E1BDC870201FC1F7007294EE /* Sources */ = {
			isa = PBXSourcesBuildPhase;
			buildActionMask = 2147483647;
			files = (
				E1BDC879201FC1F7007294EE /* MoviesUITests.swift in Sources */,
			);
			runOnlyForDeploymentPostprocessing = 0;
		};
/* End PBXSourcesBuildPhase section */

/* Begin PBXTargetDependency section */
		E1BDC86B201FC1F7007294EE /* PBXTargetDependency */ = {
			isa = PBXTargetDependency;
			target = E1BDC854201FC1F7007294EE /* Movies */;
			targetProxy = E1BDC86A201FC1F7007294EE /* PBXContainerItemProxy */;
		};
		E1BDC876201FC1F7007294EE /* PBXTargetDependency */ = {
			isa = PBXTargetDependency;
			target = E1BDC854201FC1F7007294EE /* Movies */;
			targetProxy = E1BDC875201FC1F7007294EE /* PBXContainerItemProxy */;
		};
/* End PBXTargetDependency section */

/* Begin PBXVariantGroup section */
		E1BDC85C201FC1F7007294EE /* Main.storyboard */ = {
			isa = PBXVariantGroup;
			children = (
				E1BDC85D201FC1F7007294EE /* Base */,
			);
			name = Main.storyboard;
			sourceTree = "<group>";
		};
		E1BDC861201FC1F7007294EE /* LaunchScreen.storyboard */ = {
			isa = PBXVariantGroup;
			children = (
				E1BDC862201FC1F7007294EE /* Base */,
			);
			name = LaunchScreen.storyboard;
			sourceTree = "<group>";
		};
/* End PBXVariantGroup section */

/* Begin XCBuildConfiguration section */
		E1BDC87B201FC1F7007294EE /* Debug */ = {
			isa = XCBuildConfiguration;
			buildSettings = {
				ALWAYS_SEARCH_USER_PATHS = NO;
				CLANG_ANALYZER_NONNULL = YES;
				CLANG_ANALYZER_NUMBER_OBJECT_CONVERSION = YES_AGGRESSIVE;
				CLANG_CXX_LANGUAGE_STANDARD = "gnu++14";
				CLANG_CXX_LIBRARY = "libc++";
				CLANG_ENABLE_MODULES = YES;
				CLANG_ENABLE_OBJC_ARC = YES;
				CLANG_WARN_BLOCK_CAPTURE_AUTORELEASING = YES;
				CLANG_WARN_BOOL_CONVERSION = YES;
				CLANG_WARN_COMMA = YES;
				CLANG_WARN_CONSTANT_CONVERSION = YES;
				CLANG_WARN_DIRECT_OBJC_ISA_USAGE = YES_ERROR;
				CLANG_WARN_DOCUMENTATION_COMMENTS = YES;
				CLANG_WARN_EMPTY_BODY = YES;
				CLANG_WARN_ENUM_CONVERSION = YES;
				CLANG_WARN_INFINITE_RECURSION = YES;
				CLANG_WARN_INT_CONVERSION = YES;
				CLANG_WARN_NON_LITERAL_NULL_CONVERSION = YES;
				CLANG_WARN_OBJC_LITERAL_CONVERSION = YES;
				CLANG_WARN_OBJC_ROOT_CLASS = YES_ERROR;
				CLANG_WARN_RANGE_LOOP_ANALYSIS = YES;
				CLANG_WARN_STRICT_PROTOTYPES = YES;
				CLANG_WARN_SUSPICIOUS_MOVE = YES;
				CLANG_WARN_UNGUARDED_AVAILABILITY = YES_AGGRESSIVE;
				CLANG_WARN_UNREACHABLE_CODE = YES;
				CLANG_WARN__DUPLICATE_METHOD_MATCH = YES;
				CODE_SIGN_IDENTITY = "iPhone Developer";
				COPY_PHASE_STRIP = NO;
				DEBUG_INFORMATION_FORMAT = dwarf;
				ENABLE_STRICT_OBJC_MSGSEND = YES;
				ENABLE_TESTABILITY = YES;
				GCC_C_LANGUAGE_STANDARD = gnu11;
				GCC_DYNAMIC_NO_PIC = NO;
				GCC_NO_COMMON_BLOCKS = YES;
				GCC_OPTIMIZATION_LEVEL = 0;
				GCC_PREPROCESSOR_DEFINITIONS = (
					"DEBUG=1",
					"$(inherited)",
				);
				GCC_WARN_64_TO_32_BIT_CONVERSION = YES;
				GCC_WARN_ABOUT_RETURN_TYPE = YES_ERROR;
				GCC_WARN_UNDECLARED_SELECTOR = YES;
				GCC_WARN_UNINITIALIZED_AUTOS = YES_AGGRESSIVE;
				GCC_WARN_UNUSED_FUNCTION = YES;
				GCC_WARN_UNUSED_VARIABLE = YES;
				IPHONEOS_DEPLOYMENT_TARGET = 11.2;
				MTL_ENABLE_DEBUG_INFO = YES;
				ONLY_ACTIVE_ARCH = YES;
				SDKROOT = iphoneos;
				SWIFT_ACTIVE_COMPILATION_CONDITIONS = DEBUG;
				SWIFT_OPTIMIZATION_LEVEL = "-Onone";
			};
			name = Debug;
		};
		E1BDC87C201FC1F7007294EE /* Release */ = {
			isa = XCBuildConfiguration;
			buildSettings = {
				ALWAYS_SEARCH_USER_PATHS = NO;
				CLANG_ANALYZER_NONNULL = YES;
				CLANG_ANALYZER_NUMBER_OBJECT_CONVERSION = YES_AGGRESSIVE;
				CLANG_CXX_LANGUAGE_STANDARD = "gnu++14";
				CLANG_CXX_LIBRARY = "libc++";
				CLANG_ENABLE_MODULES = YES;
				CLANG_ENABLE_OBJC_ARC = YES;
				CLANG_WARN_BLOCK_CAPTURE_AUTORELEASING = YES;
				CLANG_WARN_BOOL_CONVERSION = YES;
				CLANG_WARN_COMMA = YES;
				CLANG_WARN_CONSTANT_CONVERSION = YES;
				CLANG_WARN_DIRECT_OBJC_ISA_USAGE = YES_ERROR;
				CLANG_WARN_DOCUMENTATION_COMMENTS = YES;
				CLANG_WARN_EMPTY_BODY = YES;
				CLANG_WARN_ENUM_CONVERSION = YES;
				CLANG_WARN_INFINITE_RECURSION = YES;
				CLANG_WARN_INT_CONVERSION = YES;
				CLANG_WARN_NON_LITERAL_NULL_CONVERSION = YES;
				CLANG_WARN_OBJC_LITERAL_CONVERSION = YES;
				CLANG_WARN_OBJC_ROOT_CLASS = YES_ERROR;
				CLANG_WARN_RANGE_LOOP_ANALYSIS = YES;
				CLANG_WARN_STRICT_PROTOTYPES = YES;
				CLANG_WARN_SUSPICIOUS_MOVE = YES;
				CLANG_WARN_UNGUARDED_AVAILABILITY = YES_AGGRESSIVE;
				CLANG_WARN_UNREACHABLE_CODE = YES;
				CLANG_WARN__DUPLICATE_METHOD_MATCH = YES;
				CODE_SIGN_IDENTITY = "iPhone Developer";
				COPY_PHASE_STRIP = NO;
				DEBUG_INFORMATION_FORMAT = "dwarf-with-dsym";
				ENABLE_NS_ASSERTIONS = NO;
				ENABLE_STRICT_OBJC_MSGSEND = YES;
				GCC_C_LANGUAGE_STANDARD = gnu11;
				GCC_NO_COMMON_BLOCKS = YES;
				GCC_WARN_64_TO_32_BIT_CONVERSION = YES;
				GCC_WARN_ABOUT_RETURN_TYPE = YES_ERROR;
				GCC_WARN_UNDECLARED_SELECTOR = YES;
				GCC_WARN_UNINITIALIZED_AUTOS = YES_AGGRESSIVE;
				GCC_WARN_UNUSED_FUNCTION = YES;
				GCC_WARN_UNUSED_VARIABLE = YES;
				IPHONEOS_DEPLOYMENT_TARGET = 11.2;
				MTL_ENABLE_DEBUG_INFO = NO;
				SDKROOT = iphoneos;
				SWIFT_OPTIMIZATION_LEVEL = "-Owholemodule";
				VALIDATE_PRODUCT = YES;
			};
			name = Release;
		};
		E1BDC87E201FC1F7007294EE /* Debug */ = {
			isa = XCBuildConfiguration;
			baseConfigurationReference = 9B42E455C43AE66F87F950FA /* Pods-Movies.debug.xcconfig */;
			buildSettings = {
				ASSETCATALOG_COMPILER_APPICON_NAME = AppIcon;
				CODE_SIGN_STYLE = Automatic;
				DEVELOPMENT_TEAM = 4PD94YEKS3;
				INFOPLIST_FILE = Movies/Info.plist;
				IPHONEOS_DEPLOYMENT_TARGET = 10.0;
				LD_RUNPATH_SEARCH_PATHS = "$(inherited) @executable_path/Frameworks";
				PRODUCT_BUNDLE_IDENTIFIER = io.cubos.Movies;
				PRODUCT_NAME = "$(TARGET_NAME)";
				SWIFT_VERSION = 5.0;
				TARGETED_DEVICE_FAMILY = "1,2";
			};
			name = Debug;
		};
		E1BDC87F201FC1F7007294EE /* Release */ = {
			isa = XCBuildConfiguration;
			baseConfigurationReference = B00FFD01A3A5F3A3ABC6D295 /* Pods-Movies.release.xcconfig */;
			buildSettings = {
				ASSETCATALOG_COMPILER_APPICON_NAME = AppIcon;
				CODE_SIGN_STYLE = Automatic;
				DEVELOPMENT_TEAM = 4PD94YEKS3;
				INFOPLIST_FILE = Movies/Info.plist;
				IPHONEOS_DEPLOYMENT_TARGET = 10.0;
				LD_RUNPATH_SEARCH_PATHS = "$(inherited) @executable_path/Frameworks";
				PRODUCT_BUNDLE_IDENTIFIER = io.cubos.Movies;
				PRODUCT_NAME = "$(TARGET_NAME)";
				SWIFT_VERSION = 5.0;
				TARGETED_DEVICE_FAMILY = "1,2";
			};
			name = Release;
		};
		E1BDC881201FC1F7007294EE /* Debug */ = {
			isa = XCBuildConfiguration;
			baseConfigurationReference = DAE554F124B0C220E82A2BFA /* Pods-MoviesTests.debug.xcconfig */;
			buildSettings = {
				ALWAYS_EMBED_SWIFT_STANDARD_LIBRARIES = YES;
				BUNDLE_LOADER = "$(TEST_HOST)";
				CODE_SIGN_STYLE = Automatic;
				DEVELOPMENT_TEAM = EUA7JV3LL9;
				INFOPLIST_FILE = MoviesTests/Info.plist;
				LD_RUNPATH_SEARCH_PATHS = "$(inherited) @executable_path/Frameworks @loader_path/Frameworks";
				PRODUCT_BUNDLE_IDENTIFIER = io.cubos.MoviesTests;
				PRODUCT_NAME = "$(TARGET_NAME)";
				SWIFT_VERSION = 4.0;
				TARGETED_DEVICE_FAMILY = "1,2";
				TEST_HOST = "$(BUILT_PRODUCTS_DIR)/Movies.app/Movies";
			};
			name = Debug;
		};
		E1BDC882201FC1F7007294EE /* Release */ = {
			isa = XCBuildConfiguration;
			baseConfigurationReference = 72E333F4014B217037C6F8CE /* Pods-MoviesTests.release.xcconfig */;
			buildSettings = {
				ALWAYS_EMBED_SWIFT_STANDARD_LIBRARIES = YES;
				BUNDLE_LOADER = "$(TEST_HOST)";
				CODE_SIGN_STYLE = Automatic;
				DEVELOPMENT_TEAM = EUA7JV3LL9;
				INFOPLIST_FILE = MoviesTests/Info.plist;
				LD_RUNPATH_SEARCH_PATHS = "$(inherited) @executable_path/Frameworks @loader_path/Frameworks";
				PRODUCT_BUNDLE_IDENTIFIER = io.cubos.MoviesTests;
				PRODUCT_NAME = "$(TARGET_NAME)";
				SWIFT_VERSION = 4.0;
				TARGETED_DEVICE_FAMILY = "1,2";
				TEST_HOST = "$(BUILT_PRODUCTS_DIR)/Movies.app/Movies";
			};
			name = Release;
		};
		E1BDC884201FC1F7007294EE /* Debug */ = {
			isa = XCBuildConfiguration;
			baseConfigurationReference = 24EBE92D91446FA47A513BD9 /* Pods-MoviesUITests.debug.xcconfig */;
			buildSettings = {
				ALWAYS_EMBED_SWIFT_STANDARD_LIBRARIES = YES;
				CODE_SIGN_STYLE = Automatic;
				DEVELOPMENT_TEAM = EUA7JV3LL9;
				INFOPLIST_FILE = MoviesUITests/Info.plist;
				LD_RUNPATH_SEARCH_PATHS = "$(inherited) @executable_path/Frameworks @loader_path/Frameworks";
				PRODUCT_BUNDLE_IDENTIFIER = io.cubos.MoviesUITests;
				PRODUCT_NAME = "$(TARGET_NAME)";
				SWIFT_VERSION = 4.0;
				TARGETED_DEVICE_FAMILY = "1,2";
				TEST_TARGET_NAME = Movies;
			};
			name = Debug;
		};
		E1BDC885201FC1F7007294EE /* Release */ = {
			isa = XCBuildConfiguration;
			baseConfigurationReference = 1B8D0F19F73309AB1CE07924 /* Pods-MoviesUITests.release.xcconfig */;
			buildSettings = {
				ALWAYS_EMBED_SWIFT_STANDARD_LIBRARIES = YES;
				CODE_SIGN_STYLE = Automatic;
				DEVELOPMENT_TEAM = EUA7JV3LL9;
				INFOPLIST_FILE = MoviesUITests/Info.plist;
				LD_RUNPATH_SEARCH_PATHS = "$(inherited) @executable_path/Frameworks @loader_path/Frameworks";
				PRODUCT_BUNDLE_IDENTIFIER = io.cubos.MoviesUITests;
				PRODUCT_NAME = "$(TARGET_NAME)";
				SWIFT_VERSION = 4.0;
				TARGETED_DEVICE_FAMILY = "1,2";
				TEST_TARGET_NAME = Movies;
			};
			name = Release;
		};
/* End XCBuildConfiguration section */

/* Begin XCConfigurationList section */
		E1BDC850201FC1F7007294EE /* Build configuration list for PBXProject "Movies" */ = {
			isa = XCConfigurationList;
			buildConfigurations = (
				E1BDC87B201FC1F7007294EE /* Debug */,
				E1BDC87C201FC1F7007294EE /* Release */,
			);
			defaultConfigurationIsVisible = 0;
			defaultConfigurationName = Release;
		};
		E1BDC87D201FC1F7007294EE /* Build configuration list for PBXNativeTarget "Movies" */ = {
			isa = XCConfigurationList;
			buildConfigurations = (
				E1BDC87E201FC1F7007294EE /* Debug */,
				E1BDC87F201FC1F7007294EE /* Release */,
			);
			defaultConfigurationIsVisible = 0;
			defaultConfigurationName = Release;
		};
		E1BDC880201FC1F7007294EE /* Build configuration list for PBXNativeTarget "MoviesTests" */ = {
			isa = XCConfigurationList;
			buildConfigurations = (
				E1BDC881201FC1F7007294EE /* Debug */,
				E1BDC882201FC1F7007294EE /* Release */,
			);
			defaultConfigurationIsVisible = 0;
			defaultConfigurationName = Release;
		};
		E1BDC883201FC1F7007294EE /* Build configuration list for PBXNativeTarget "MoviesUITests" */ = {
			isa = XCConfigurationList;
			buildConfigurations = (
				E1BDC884201FC1F7007294EE /* Debug */,
				E1BDC885201FC1F7007294EE /* Release */,
			);
			defaultConfigurationIsVisible = 0;
			defaultConfigurationName = Release;
		};
/* End XCConfigurationList section */
	};
	rootObject = E1BDC84D201FC1F7007294EE /* Project object */;
}
